// !$*UTF8*$!
{
	archiveVersion = 1;
	classes = {
	};
	objectVersion = 50;
	objects = {

/* Begin PBXBuildFile section */
		025FA7A626BFDC7700320B3D /* AppDelegate.swift in Sources */ = {isa = PBXBuildFile; fileRef = 025FA7A526BFDC7700320B3D /* AppDelegate.swift */; };
		025FA7A826BFDC7700320B3D /* SceneDelegate.swift in Sources */ = {isa = PBXBuildFile; fileRef = 025FA7A726BFDC7700320B3D /* SceneDelegate.swift */; };
		025FA7AA26BFDC7700320B3D /* AuthViewController.swift in Sources */ = {isa = PBXBuildFile; fileRef = 025FA7A926BFDC7700320B3D /* AuthViewController.swift */; };
		025FA7AF26BFDC7800320B3D /* Assets.xcassets in Resources */ = {isa = PBXBuildFile; fileRef = 025FA7AE26BFDC7800320B3D /* Assets.xcassets */; };
		025FA7B226BFDC7800320B3D /* LaunchScreen.storyboard in Resources */ = {isa = PBXBuildFile; fileRef = 025FA7B026BFDC7800320B3D /* LaunchScreen.storyboard */; };
		025FA7BA26BFE48700320B3D /* UIButton + Extension.swift in Sources */ = {isa = PBXBuildFile; fileRef = 025FA7B926BFE48700320B3D /* UIButton + Extension.swift */; };
		025FA7BC26BFE61C00320B3D /* UIFont + Extensions.swift in Sources */ = {isa = PBXBuildFile; fileRef = 025FA7BB26BFE61C00320B3D /* UIFont + Extensions.swift */; };
		025FA7BE26BFE72100320B3D /* UILabel + Extension.swift in Sources */ = {isa = PBXBuildFile; fileRef = 025FA7BD26BFE72100320B3D /* UILabel + Extension.swift */; };
		025FA7C026BFE80400320B3D /* UIImageView + Extension.swift in Sources */ = {isa = PBXBuildFile; fileRef = 025FA7BF26BFE80400320B3D /* UIImageView + Extension.swift */; };
		025FA7C226C023DD00320B3D /* ButtonLabelView.swift in Sources */ = {isa = PBXBuildFile; fileRef = 025FA7C126C023DD00320B3D /* ButtonLabelView.swift */; };
		025FA7C626C1226A00320B3D /* SignUpViewController.swift in Sources */ = {isa = PBXBuildFile; fileRef = 025FA7C526C1226A00320B3D /* SignUpViewController.swift */; };
		025FA7C826C1257B00320B3D /* TextFieldView.swift in Sources */ = {isa = PBXBuildFile; fileRef = 025FA7C726C1257B00320B3D /* TextFieldView.swift */; };
		025FA7CA26C130CE00320B3D /* LoginViewController.swift in Sources */ = {isa = PBXBuildFile; fileRef = 025FA7C926C130CE00320B3D /* LoginViewController.swift */; };
		025FA7CC26C14ADB00320B3D /* AddPhotoView.swift in Sources */ = {isa = PBXBuildFile; fileRef = 025FA7CB26C14ADB00320B3D /* AddPhotoView.swift */; };
		025FA7CE26C14C5900320B3D /* SetupProfileViewController.swift in Sources */ = {isa = PBXBuildFile; fileRef = 025FA7CD26C14C5900320B3D /* SetupProfileViewController.swift */; };
		025FA7D126C15F0F00320B3D /* MainTabBarController.swift in Sources */ = {isa = PBXBuildFile; fileRef = 025FA7D026C15F0F00320B3D /* MainTabBarController.swift */; };
		025FA7D326C15F3500320B3D /* ListViewController.swift in Sources */ = {isa = PBXBuildFile; fileRef = 025FA7D226C15F3500320B3D /* ListViewController.swift */; };
		025FA7D526C15F3E00320B3D /* PeopleViewController.swift in Sources */ = {isa = PBXBuildFile; fileRef = 025FA7D426C15F3E00320B3D /* PeopleViewController.swift */; };
		025FA7D726C18E0700320B3D /* Bundle-Decodable.swift in Sources */ = {isa = PBXBuildFile; fileRef = 025FA7D626C18E0700320B3D /* Bundle-Decodable.swift */; };
		025FA7DA26C18E3500320B3D /* activeChats.json in Resources */ = {isa = PBXBuildFile; fileRef = 025FA7D826C18E3400320B3D /* activeChats.json */; };
		025FA7DB26C18E3500320B3D /* waitingChats.json in Resources */ = {isa = PBXBuildFile; fileRef = 025FA7D926C18E3500320B3D /* waitingChats.json */; };
/* End PBXBuildFile section */

/* Begin PBXFileReference section */
		025FA7A226BFDC7700320B3D /* iChat.app */ = {isa = PBXFileReference; explicitFileType = wrapper.application; includeInIndex = 0; path = iChat.app; sourceTree = BUILT_PRODUCTS_DIR; };
		025FA7A526BFDC7700320B3D /* AppDelegate.swift */ = {isa = PBXFileReference; lastKnownFileType = sourcecode.swift; path = AppDelegate.swift; sourceTree = "<group>"; };
		025FA7A726BFDC7700320B3D /* SceneDelegate.swift */ = {isa = PBXFileReference; lastKnownFileType = sourcecode.swift; path = SceneDelegate.swift; sourceTree = "<group>"; };
		025FA7A926BFDC7700320B3D /* AuthViewController.swift */ = {isa = PBXFileReference; lastKnownFileType = sourcecode.swift; path = AuthViewController.swift; sourceTree = "<group>"; };
		025FA7AE26BFDC7800320B3D /* Assets.xcassets */ = {isa = PBXFileReference; lastKnownFileType = folder.assetcatalog; path = Assets.xcassets; sourceTree = "<group>"; };
		025FA7B126BFDC7800320B3D /* Base */ = {isa = PBXFileReference; lastKnownFileType = file.storyboard; name = Base; path = Base.lproj/LaunchScreen.storyboard; sourceTree = "<group>"; };
		025FA7B326BFDC7800320B3D /* Info.plist */ = {isa = PBXFileReference; lastKnownFileType = text.plist.xml; path = Info.plist; sourceTree = "<group>"; };
		025FA7B926BFE48700320B3D /* UIButton + Extension.swift */ = {isa = PBXFileReference; lastKnownFileType = sourcecode.swift; path = "UIButton + Extension.swift"; sourceTree = "<group>"; };
		025FA7BB26BFE61C00320B3D /* UIFont + Extensions.swift */ = {isa = PBXFileReference; lastKnownFileType = sourcecode.swift; path = "UIFont + Extensions.swift"; sourceTree = "<group>"; };
		025FA7BD26BFE72100320B3D /* UILabel + Extension.swift */ = {isa = PBXFileReference; lastKnownFileType = sourcecode.swift; path = "UILabel + Extension.swift"; sourceTree = "<group>"; };
		025FA7BF26BFE80400320B3D /* UIImageView + Extension.swift */ = {isa = PBXFileReference; lastKnownFileType = sourcecode.swift; path = "UIImageView + Extension.swift"; sourceTree = "<group>"; };
		025FA7C126C023DD00320B3D /* ButtonLabelView.swift */ = {isa = PBXFileReference; lastKnownFileType = sourcecode.swift; path = ButtonLabelView.swift; sourceTree = "<group>"; };
		025FA7C526C1226A00320B3D /* SignUpViewController.swift */ = {isa = PBXFileReference; lastKnownFileType = sourcecode.swift; path = SignUpViewController.swift; sourceTree = "<group>"; };
		025FA7C726C1257B00320B3D /* TextFieldView.swift */ = {isa = PBXFileReference; lastKnownFileType = sourcecode.swift; path = TextFieldView.swift; sourceTree = "<group>"; };
		025FA7C926C130CE00320B3D /* LoginViewController.swift */ = {isa = PBXFileReference; lastKnownFileType = sourcecode.swift; path = LoginViewController.swift; sourceTree = "<group>"; };
		025FA7CB26C14ADB00320B3D /* AddPhotoView.swift */ = {isa = PBXFileReference; lastKnownFileType = sourcecode.swift; path = AddPhotoView.swift; sourceTree = "<group>"; };
		025FA7CD26C14C5900320B3D /* SetupProfileViewController.swift */ = {isa = PBXFileReference; lastKnownFileType = sourcecode.swift; path = SetupProfileViewController.swift; sourceTree = "<group>"; };
		025FA7D026C15F0F00320B3D /* MainTabBarController.swift */ = {isa = PBXFileReference; lastKnownFileType = sourcecode.swift; path = MainTabBarController.swift; sourceTree = "<group>"; };
		025FA7D226C15F3500320B3D /* ListViewController.swift */ = {isa = PBXFileReference; lastKnownFileType = sourcecode.swift; path = ListViewController.swift; sourceTree = "<group>"; };
		025FA7D426C15F3E00320B3D /* PeopleViewController.swift */ = {isa = PBXFileReference; lastKnownFileType = sourcecode.swift; path = PeopleViewController.swift; sourceTree = "<group>"; };
		025FA7D626C18E0700320B3D /* Bundle-Decodable.swift */ = {isa = PBXFileReference; fileEncoding = 4; lastKnownFileType = sourcecode.swift; path = "Bundle-Decodable.swift"; sourceTree = "<group>"; };
		025FA7D826C18E3400320B3D /* activeChats.json */ = {isa = PBXFileReference; fileEncoding = 4; lastKnownFileType = text.json; path = activeChats.json; sourceTree = "<group>"; };
		025FA7D926C18E3500320B3D /* waitingChats.json */ = {isa = PBXFileReference; fileEncoding = 4; lastKnownFileType = text.json; path = waitingChats.json; sourceTree = "<group>"; };
/* End PBXFileReference section */

/* Begin PBXFrameworksBuildPhase section */
		025FA79F26BFDC7700320B3D /* Frameworks */ = {
			isa = PBXFrameworksBuildPhase;
			buildActionMask = 2147483647;
			files = (
			);
			runOnlyForDeploymentPostprocessing = 0;
		};
/* End PBXFrameworksBuildPhase section */

/* Begin PBXGroup section */
		025FA79926BFDC7700320B3D = {
			isa = PBXGroup;
			children = (
				025FA7A426BFDC7700320B3D /* iChat */,
				025FA7A326BFDC7700320B3D /* Products */,
			);
			sourceTree = "<group>";
		};
		025FA7A326BFDC7700320B3D /* Products */ = {
			isa = PBXGroup;
			children = (
				025FA7A226BFDC7700320B3D /* iChat.app */,
			);
			name = Products;
			sourceTree = "<group>";
		};
		025FA7A426BFDC7700320B3D /* iChat */ = {
			isa = PBXGroup;
			children = (
				025FA7A526BFDC7700320B3D /* AppDelegate.swift */,
				025FA7A726BFDC7700320B3D /* SceneDelegate.swift */,
				025FA7D026C15F0F00320B3D /* MainTabBarController.swift */,
				025FA7D226C15F3500320B3D /* ListViewController.swift */,
				025FA7D426C15F3E00320B3D /* PeopleViewController.swift */,
				025FA7CF26C15EF000320B3D /* Login&Auth controllers */,
				025FA7C326C024C300320B3D /* Extensions */,
				025FA7AE26BFDC7800320B3D /* Assets.xcassets */,
				025FA7B026BFDC7800320B3D /* LaunchScreen.storyboard */,
				025FA7B326BFDC7800320B3D /* Info.plist */,
			);
			path = iChat;
			sourceTree = "<group>";
		};
		025FA7C326C024C300320B3D /* Extensions */ = {
			isa = PBXGroup;
			children = (
				025FA7D626C18E0700320B3D /* Bundle-Decodable.swift */,
				025FA7C126C023DD00320B3D /* ButtonLabelView.swift */,
				025FA7C726C1257B00320B3D /* TextFieldView.swift */,
				025FA7CB26C14ADB00320B3D /* AddPhotoView.swift */,
				025FA7C426C024DF00320B3D /* UIKit */,
			);
			path = Extensions;
			sourceTree = "<group>";
		};
		025FA7C426C024DF00320B3D /* UIKit */ = {
			isa = PBXGroup;
			children = (
				025FA7B926BFE48700320B3D /* UIButton + Extension.swift */,
				025FA7BF26BFE80400320B3D /* UIImageView + Extension.swift */,
				025FA7BB26BFE61C00320B3D /* UIFont + Extensions.swift */,
				025FA7BD26BFE72100320B3D /* UILabel + Extension.swift */,
				025FA7D826C18E3400320B3D /* activeChats.json */,
				025FA7D926C18E3500320B3D /* waitingChats.json */,
			);
			path = UIKit;
			sourceTree = "<group>";
		};
		025FA7CF26C15EF000320B3D /* Login&Auth controllers */ = {
			isa = PBXGroup;
			children = (
				025FA7A926BFDC7700320B3D /* AuthViewController.swift */,
				025FA7C526C1226A00320B3D /* SignUpViewController.swift */,
				025FA7C926C130CE00320B3D /* LoginViewController.swift */,
				025FA7CD26C14C5900320B3D /* SetupProfileViewController.swift */,
			);
			path = "Login&Auth controllers";
			sourceTree = "<group>";
		};
/* End PBXGroup section */

/* Begin PBXNativeTarget section */
		025FA7A126BFDC7700320B3D /* iChat */ = {
			isa = PBXNativeTarget;
			buildConfigurationList = 025FA7B626BFDC7800320B3D /* Build configuration list for PBXNativeTarget "iChat" */;
			buildPhases = (
				025FA79E26BFDC7700320B3D /* Sources */,
				025FA79F26BFDC7700320B3D /* Frameworks */,
				025FA7A026BFDC7700320B3D /* Resources */,
			);
			buildRules = (
			);
			dependencies = (
			);
			name = iChat;
			productName = iChat;
			productReference = 025FA7A226BFDC7700320B3D /* iChat.app */;
			productType = "com.apple.product-type.application";
		};
/* End PBXNativeTarget section */

/* Begin PBXProject section */
		025FA79A26BFDC7700320B3D /* Project object */ = {
			isa = PBXProject;
			attributes = {
				LastSwiftUpdateCheck = 1250;
				LastUpgradeCheck = 1250;
				TargetAttributes = {
					025FA7A126BFDC7700320B3D = {
						CreatedOnToolsVersion = 12.5.1;
					};
				};
			};
			buildConfigurationList = 025FA79D26BFDC7700320B3D /* Build configuration list for PBXProject "iChat" */;
			compatibilityVersion = "Xcode 9.3";
			developmentRegion = en;
			hasScannedForEncodings = 0;
			knownRegions = (
				en,
				Base,
			);
			mainGroup = 025FA79926BFDC7700320B3D;
			productRefGroup = 025FA7A326BFDC7700320B3D /* Products */;
			projectDirPath = "";
			projectRoot = "";
			targets = (
				025FA7A126BFDC7700320B3D /* iChat */,
			);
		};
/* End PBXProject section */

/* Begin PBXResourcesBuildPhase section */
		025FA7A026BFDC7700320B3D /* Resources */ = {
			isa = PBXResourcesBuildPhase;
			buildActionMask = 2147483647;
			files = (
				025FA7B226BFDC7800320B3D /* LaunchScreen.storyboard in Resources */,
				025FA7DA26C18E3500320B3D /* activeChats.json in Resources */,
				025FA7AF26BFDC7800320B3D /* Assets.xcassets in Resources */,
				025FA7DB26C18E3500320B3D /* waitingChats.json in Resources */,
			);
			runOnlyForDeploymentPostprocessing = 0;
		};
/* End PBXResourcesBuildPhase section */

/* Begin PBXSourcesBuildPhase section */
		025FA79E26BFDC7700320B3D /* Sources */ = {
			isa = PBXSourcesBuildPhase;
			buildActionMask = 2147483647;
			files = (
				025FA7BE26BFE72100320B3D /* UILabel + Extension.swift in Sources */,
				025FA7AA26BFDC7700320B3D /* AuthViewController.swift in Sources */,
				025FA7C026BFE80400320B3D /* UIImageView + Extension.swift in Sources */,
				025FA7A626BFDC7700320B3D /* AppDelegate.swift in Sources */,
				025FA7BC26BFE61C00320B3D /* UIFont + Extensions.swift in Sources */,
				025FA7A826BFDC7700320B3D /* SceneDelegate.swift in Sources */,
				025FA7D726C18E0700320B3D /* Bundle-Decodable.swift in Sources */,
				025FA7C826C1257B00320B3D /* TextFieldView.swift in Sources */,
				025FA7CC26C14ADB00320B3D /* AddPhotoView.swift in Sources */,
				025FA7D326C15F3500320B3D /* ListViewController.swift in Sources */,
				025FA7D526C15F3E00320B3D /* PeopleViewController.swift in Sources */,
				025FA7CE26C14C5900320B3D /* SetupProfileViewController.swift in Sources */,
				025FA7C626C1226A00320B3D /* SignUpViewController.swift in Sources */,
				025FA7D126C15F0F00320B3D /* MainTabBarController.swift in Sources */,
				025FA7BA26BFE48700320B3D /* UIButton + Extension.swift in Sources */,
				025FA7C226C023DD00320B3D /* ButtonLabelView.swift in Sources */,
				025FA7CA26C130CE00320B3D /* LoginViewController.swift in Sources */,
			);
			runOnlyForDeploymentPostprocessing = 0;
		};
/* End PBXSourcesBuildPhase section */

/* Begin PBXVariantGroup section */
		025FA7B026BFDC7800320B3D /* LaunchScreen.storyboard */ = {
			isa = PBXVariantGroup;
			children = (
				025FA7B126BFDC7800320B3D /* Base */,
			);
			name = LaunchScreen.storyboard;
			sourceTree = "<group>";
		};
/* End PBXVariantGroup section */

/* Begin XCBuildConfiguration section */
		025FA7B426BFDC7800320B3D /* Debug */ = {
			isa = XCBuildConfiguration;
			buildSettings = {
				ALWAYS_SEARCH_USER_PATHS = NO;
				CLANG_ANALYZER_NONNULL = YES;
				CLANG_ANALYZER_NUMBER_OBJECT_CONVERSION = YES_AGGRESSIVE;
				CLANG_CXX_LANGUAGE_STANDARD = "gnu++14";
				CLANG_CXX_LIBRARY = "libc++";
				CLANG_ENABLE_MODULES = YES;
				CLANG_ENABLE_OBJC_ARC = YES;
				CLANG_ENABLE_OBJC_WEAK = YES;
				CLANG_WARN_BLOCK_CAPTURE_AUTORELEASING = YES;
				CLANG_WARN_BOOL_CONVERSION = YES;
				CLANG_WARN_COMMA = YES;
				CLANG_WARN_CONSTANT_CONVERSION = YES;
				CLANG_WARN_DEPRECATED_OBJC_IMPLEMENTATIONS = YES;
				CLANG_WARN_DIRECT_OBJC_ISA_USAGE = YES_ERROR;
				CLANG_WARN_DOCUMENTATION_COMMENTS = YES;
				CLANG_WARN_EMPTY_BODY = YES;
				CLANG_WARN_ENUM_CONVERSION = YES;
				CLANG_WARN_INFINITE_RECURSION = YES;
				CLANG_WARN_INT_CONVERSION = YES;
				CLANG_WARN_NON_LITERAL_NULL_CONVERSION = YES;
				CLANG_WARN_OBJC_IMPLICIT_RETAIN_SELF = YES;
				CLANG_WARN_OBJC_LITERAL_CONVERSION = YES;
				CLANG_WARN_OBJC_ROOT_CLASS = YES_ERROR;
				CLANG_WARN_QUOTED_INCLUDE_IN_FRAMEWORK_HEADER = YES;
				CLANG_WARN_RANGE_LOOP_ANALYSIS = YES;
				CLANG_WARN_STRICT_PROTOTYPES = YES;
				CLANG_WARN_SUSPICIOUS_MOVE = YES;
				CLANG_WARN_UNGUARDED_AVAILABILITY = YES_AGGRESSIVE;
				CLANG_WARN_UNREACHABLE_CODE = YES;
				CLANG_WARN__DUPLICATE_METHOD_MATCH = YES;
				COPY_PHASE_STRIP = NO;
				DEBUG_INFORMATION_FORMAT = dwarf;
				ENABLE_STRICT_OBJC_MSGSEND = YES;
				ENABLE_TESTABILITY = YES;
				GCC_C_LANGUAGE_STANDARD = gnu11;
				GCC_DYNAMIC_NO_PIC = NO;
				GCC_NO_COMMON_BLOCKS = YES;
				GCC_OPTIMIZATION_LEVEL = 0;
				GCC_PREPROCESSOR_DEFINITIONS = (
					"DEBUG=1",
					"$(inherited)",
				);
				GCC_WARN_64_TO_32_BIT_CONVERSION = YES;
				GCC_WARN_ABOUT_RETURN_TYPE = YES_ERROR;
				GCC_WARN_UNDECLARED_SELECTOR = YES;
				GCC_WARN_UNINITIALIZED_AUTOS = YES_AGGRESSIVE;
				GCC_WARN_UNUSED_FUNCTION = YES;
				GCC_WARN_UNUSED_VARIABLE = YES;
				IPHONEOS_DEPLOYMENT_TARGET = 14.5;
				MTL_ENABLE_DEBUG_INFO = INCLUDE_SOURCE;
				MTL_FAST_MATH = YES;
				ONLY_ACTIVE_ARCH = YES;
				SDKROOT = iphoneos;
				SWIFT_ACTIVE_COMPILATION_CONDITIONS = DEBUG;
				SWIFT_OPTIMIZATION_LEVEL = "-Onone";
			};
			name = Debug;
		};
		025FA7B526BFDC7800320B3D /* Release */ = {
			isa = XCBuildConfiguration;
			buildSettings = {
				ALWAYS_SEARCH_USER_PATHS = NO;
				CLANG_ANALYZER_NONNULL = YES;
				CLANG_ANALYZER_NUMBER_OBJECT_CONVERSION = YES_AGGRESSIVE;
				CLANG_CXX_LANGUAGE_STANDARD = "gnu++14";
				CLANG_CXX_LIBRARY = "libc++";
				CLANG_ENABLE_MODULES = YES;
				CLANG_ENABLE_OBJC_ARC = YES;
				CLANG_ENABLE_OBJC_WEAK = YES;
				CLANG_WARN_BLOCK_CAPTURE_AUTORELEASING = YES;
				CLANG_WARN_BOOL_CONVERSION = YES;
				CLANG_WARN_COMMA = YES;
				CLANG_WARN_CONSTANT_CONVERSION = YES;
				CLANG_WARN_DEPRECATED_OBJC_IMPLEMENTATIONS = YES;
				CLANG_WARN_DIRECT_OBJC_ISA_USAGE = YES_ERROR;
				CLANG_WARN_DOCUMENTATION_COMMENTS = YES;
				CLANG_WARN_EMPTY_BODY = YES;
				CLANG_WARN_ENUM_CONVERSION = YES;
				CLANG_WARN_INFINITE_RECURSION = YES;
				CLANG_WARN_INT_CONVERSION = YES;
				CLANG_WARN_NON_LITERAL_NULL_CONVERSION = YES;
				CLANG_WARN_OBJC_IMPLICIT_RETAIN_SELF = YES;
				CLANG_WARN_OBJC_LITERAL_CONVERSION = YES;
				CLANG_WARN_OBJC_ROOT_CLASS = YES_ERROR;
				CLANG_WARN_QUOTED_INCLUDE_IN_FRAMEWORK_HEADER = YES;
				CLANG_WARN_RANGE_LOOP_ANALYSIS = YES;
				CLANG_WARN_STRICT_PROTOTYPES = YES;
				CLANG_WARN_SUSPICIOUS_MOVE = YES;
				CLANG_WARN_UNGUARDED_AVAILABILITY = YES_AGGRESSIVE;
				CLANG_WARN_UNREACHABLE_CODE = YES;
				CLANG_WARN__DUPLICATE_METHOD_MATCH = YES;
				COPY_PHASE_STRIP = NO;
				DEBUG_INFORMATION_FORMAT = "dwarf-with-dsym";
				ENABLE_NS_ASSERTIONS = NO;
				ENABLE_STRICT_OBJC_MSGSEND = YES;
				GCC_C_LANGUAGE_STANDARD = gnu11;
				GCC_NO_COMMON_BLOCKS = YES;
				GCC_WARN_64_TO_32_BIT_CONVERSION = YES;
				GCC_WARN_ABOUT_RETURN_TYPE = YES_ERROR;
				GCC_WARN_UNDECLARED_SELECTOR = YES;
				GCC_WARN_UNINITIALIZED_AUTOS = YES_AGGRESSIVE;
				GCC_WARN_UNUSED_FUNCTION = YES;
				GCC_WARN_UNUSED_VARIABLE = YES;
				IPHONEOS_DEPLOYMENT_TARGET = 14.5;
				MTL_ENABLE_DEBUG_INFO = NO;
				MTL_FAST_MATH = YES;
				SDKROOT = iphoneos;
				SWIFT_COMPILATION_MODE = wholemodule;
				SWIFT_OPTIMIZATION_LEVEL = "-O";
				VALIDATE_PRODUCT = YES;
			};
			name = Release;
		};
		025FA7B726BFDC7800320B3D /* Debug */ = {
			isa = XCBuildConfiguration;
			buildSettings = {
				ASSETCATALOG_COMPILER_APPICON_NAME = AppIcon;
				ASSETCATALOG_COMPILER_GLOBAL_ACCENT_COLOR_NAME = AccentColor;
				CODE_SIGN_STYLE = Automatic;
				DEVELOPMENT_TEAM = SAY4Y2DWXX;
				INFOPLIST_FILE = iChat/Info.plist;
				LD_RUNPATH_SEARCH_PATHS = (
					"$(inherited)",
					"@executable_path/Frameworks",
				);
				PRODUCT_BUNDLE_IDENTIFIER = com.tengizov.iChat;
				PRODUCT_NAME = "$(TARGET_NAME)";
				SWIFT_VERSION = 5.0;
				TARGETED_DEVICE_FAMILY = 1;
			};
			name = Debug;
		};
		025FA7B826BFDC7800320B3D /* Release */ = {
			isa = XCBuildConfiguration;
			buildSettings = {
				ASSETCATALOG_COMPILER_APPICON_NAME = AppIcon;
				ASSETCATALOG_COMPILER_GLOBAL_ACCENT_COLOR_NAME = AccentColor;
				CODE_SIGN_STYLE = Automatic;
				DEVELOPMENT_TEAM = SAY4Y2DWXX;
				INFOPLIST_FILE = iChat/Info.plist;
				LD_RUNPATH_SEARCH_PATHS = (
					"$(inherited)",
					"@executable_path/Frameworks",
				);
				PRODUCT_BUNDLE_IDENTIFIER = com.tengizov.iChat;
				PRODUCT_NAME = "$(TARGET_NAME)";
				SWIFT_VERSION = 5.0;
				TARGETED_DEVICE_FAMILY = 1;
			};
			name = Release;
		};
/* End XCBuildConfiguration section */

/* Begin XCConfigurationList section */
		025FA79D26BFDC7700320B3D /* Build configuration list for PBXProject "iChat" */ = {
			isa = XCConfigurationList;
			buildConfigurations = (
				025FA7B426BFDC7800320B3D /* Debug */,
				025FA7B526BFDC7800320B3D /* Release */,
			);
			defaultConfigurationIsVisible = 0;
			defaultConfigurationName = Release;
		};
		025FA7B626BFDC7800320B3D /* Build configuration list for PBXNativeTarget "iChat" */ = {
			isa = XCConfigurationList;
			buildConfigurations = (
				025FA7B726BFDC7800320B3D /* Debug */,
				025FA7B826BFDC7800320B3D /* Release */,
			);
			defaultConfigurationIsVisible = 0;
			defaultConfigurationName = Release;
		};
/* End XCConfigurationList section */
	};
	rootObject = 025FA79A26BFDC7700320B3D /* Project object */;
}
